
Microsoft Visual Studio Solution File, Format Version 12.00
# Visual Studio Version 17
VisualStudioVersion = 17.11.35312.102
MinimumVisualStudioVersion = 10.0.40219.1
Project("{FAE04EC0-301F-11D3-BF4B-00C04F79EFBC}") = "ADONetUpg", "ADONetUpg\ADONetUpg.csproj", "{C6D3ABC5-1C68-4903-9202-543B53FD2F55}"
EndProject
Global
	GlobalSection(SolutionConfigurationPlatforms) = preSolution
		Debug|Any CPU = Debug|Any CPU
		Release|Any CPU = Release|Any CPU
	EndGlobalSection
	GlobalSection(ProjectConfigurationPlatforms) = postSolution
		{C6D3ABC5-1C68-4903-9202-543B53FD2F55}.Debug|Any CPU.ActiveCfg = Debug|Any CPU
		{C6D3ABC5-1C68-4903-9202-543B53FD2F55}.Debug|Any CPU.Build.0 = Debug|Any CPU
		{C6D3ABC5-1C68-4903-9202-543B53FD2F55}.Release|Any CPU.ActiveCfg = Release|Any CPU
		{C6D3ABC5-1C68-4903-9202-543B53FD2F55}.Release|Any CPU.Build.0 = Release|Any CPU
	EndGlobalSection
	GlobalSection(SolutionProperties) = preSolution
		HideSolutionNode = FALSE
	EndGlobalSection
	GlobalSection(ExtensibilityGlobals) = postSolution
		SolutionGuid = {86DA98C3-00D2-4EC7-BA55-D147A3E51BEE}
	EndGlobalSection
EndGlobal
